
Microsoft Visual Studio Solution File, Format Version 12.00
# Visual Studio 2013
VisualStudioVersion = 12.0.40629.0
MinimumVisualStudioVersion = 10.0.40219.1
Project("{FAE04EC0-301F-11D3-BF4B-00C04F79EFBC}") = "act17", "act17\act17.csproj", "{C74BBDC8-FE51-4B12-9AEE-AE8A45EBCF76}"
EndProject
Global
	GlobalSection(SolutionConfigurationPlatforms) = preSolution
		Debug|Any CPU = Debug|Any CPU
		Release|Any CPU = Release|Any CPU
	EndGlobalSection
	GlobalSection(ProjectConfigurationPlatforms) = postSolution
		{C74BBDC8-FE51-4B12-9AEE-AE8A45EBCF76}.Debug|Any CPU.ActiveCfg = Debug|Any CPU
		{C74BBDC8-FE51-4B12-9AEE-AE8A45EBCF76}.Debug|Any CPU.Build.0 = Debug|Any CPU
		{C74BBDC8-FE51-4B12-9AEE-AE8A45EBCF76}.Release|Any CPU.ActiveCfg = Release|Any CPU
		{C74BBDC8-FE51-4B12-9AEE-AE8A45EBCF76}.Release|Any CPU.Build.0 = Release|Any CPU
	EndGlobalSection
	GlobalSection(SolutionProperties) = preSolution
		HideSolutionNode = FALSE
	EndGlobalSection
EndGlobal
