
Microsoft Visual Studio Solution File, Format Version 12.00
# Visual Studio 2013
VisualStudioVersion = 12.0.40629.0
MinimumVisualStudioVersion = 10.0.40219.1
Project("{FAE04EC0-301F-11D3-BF4B-00C04F79EFBC}") = "act5", "act5\act5.csproj", "{2246C6BE-E72A-449A-A870-A1E184357BAE}"
EndProject
Global
	GlobalSection(SolutionConfigurationPlatforms) = preSolution
		Debug|Any CPU = Debug|Any CPU
		Release|Any CPU = Release|Any CPU
	EndGlobalSection
	GlobalSection(ProjectConfigurationPlatforms) = postSolution
		{2246C6BE-E72A-449A-A870-A1E184357BAE}.Debug|Any CPU.ActiveCfg = Debug|Any CPU
		{2246C6BE-E72A-449A-A870-A1E184357BAE}.Debug|Any CPU.Build.0 = Debug|Any CPU
		{2246C6BE-E72A-449A-A870-A1E184357BAE}.Release|Any CPU.ActiveCfg = Release|Any CPU
		{2246C6BE-E72A-449A-A870-A1E184357BAE}.Release|Any CPU.Build.0 = Release|Any CPU
	EndGlobalSection
	GlobalSection(SolutionProperties) = preSolution
		HideSolutionNode = FALSE
	EndGlobalSection
EndGlobal
